// !$*UTF8*$!
{
	archiveVersion = 1;
	classes = {
	};
	objectVersion = 56;
	objects = {

/* Begin PBXBuildFile section */
		CE0F47E129E2B8DE000B4BD3 /* StandingsParser.swift in Sources */ = {isa = PBXBuildFile; fileRef = CE0F47E029E2B8DE000B4BD3 /* StandingsParser.swift */; };
		CE0F47E329E2B946000B4BD3 /* SourceHelpers.swift in Sources */ = {isa = PBXBuildFile; fileRef = CE0F47E229E2B946000B4BD3 /* SourceHelpers.swift */; };
		CE0F47E629EB9DFF000B4BD3 /* ScoresheetParser.swift in Sources */ = {isa = PBXBuildFile; fileRef = CE0F47E529EB9DFF000B4BD3 /* ScoresheetParser.swift */; };
		CE0F47E829ECD2AB000B4BD3 /* GameEvent.swift in Sources */ = {isa = PBXBuildFile; fileRef = CE0F47E729ECD2AB000B4BD3 /* GameEvent.swift */; };
		CE1DFF0129D98AB700181176 /* StandingsCell.swift in Sources */ = {isa = PBXBuildFile; fileRef = CE1DFF0029D98AB700181176 /* StandingsCell.swift */; };
		CE27A40D29D6929500B3A74E /* testSchedule.txt in Resources */ = {isa = PBXBuildFile; fileRef = CE27A40C29D6929500B3A74E /* testSchedule.txt */; };
		CE27A41029D69BEA00B3A74E /* testLockerRooms.txt in Resources */ = {isa = PBXBuildFile; fileRef = CE27A40F29D69BC800B3A74E /* testLockerRooms.txt */; };
		CE27A41229D6B2C000B3A74E /* TodayGameCell.swift in Sources */ = {isa = PBXBuildFile; fileRef = CE27A41129D6B2C000B3A74E /* TodayGameCell.swift */; };
		CE3C270B29D6BC53003C70CB /* Date+StringHelpers.swift in Sources */ = {isa = PBXBuildFile; fileRef = CE3C270A29D6BC53003C70CB /* Date+StringHelpers.swift */; };
		CE3C270F29D6BC58003C70CB /* Game.swift in Sources */ = {isa = PBXBuildFile; fileRef = CE3C270C29D6BC58003C70CB /* Game.swift */; };
		CE3C271029D6BC58003C70CB /* Status.swift in Sources */ = {isa = PBXBuildFile; fileRef = CE3C270D29D6BC58003C70CB /* Status.swift */; };
		CE3C271129D6BC58003C70CB /* Team.swift in Sources */ = {isa = PBXBuildFile; fileRef = CE3C270E29D6BC58003C70CB /* Team.swift */; };
		CE898DA629D59C1100DE8A76 /* CompletedGameCell.swift in Sources */ = {isa = PBXBuildFile; fileRef = CE898DA529D59C1100DE8A76 /* CompletedGameCell.swift */; };
		CE898DA829D59C3C00DE8A76 /* UpcomingGameCell.swift in Sources */ = {isa = PBXBuildFile; fileRef = CE898DA729D59C3C00DE8A76 /* UpcomingGameCell.swift */; };
		CEB3813729DC117B00539DD9 /* testStandings.txt in Resources */ = {isa = PBXBuildFile; fileRef = CEB3813629DC117B00539DD9 /* testStandings.txt */; };
		CEC6ABEE29F3ECF70089E122 /* Scoreboard.swift in Sources */ = {isa = PBXBuildFile; fileRef = CEC6ABED29F3ECF70089E122 /* Scoreboard.swift */; };
		CEC6ABF129F4AC520089E122 /* Player.swift in Sources */ = {isa = PBXBuildFile; fileRef = CEC6ABF029F4AC520089E122 /* Player.swift */; };
		CEC6ABF329F4AD060089E122 /* GameTime.swift in Sources */ = {isa = PBXBuildFile; fileRef = CEC6ABF229F4AD060089E122 /* GameTime.swift */; };
		CEC6AC1529F5078A0089E122 /* Clamp.swift in Sources */ = {isa = PBXBuildFile; fileRef = CEC6AC1429F5078A0089E122 /* Clamp.swift */; };
		CEC6AC1729F5079F0089E122 /* DividedBackground.swift in Sources */ = {isa = PBXBuildFile; fileRef = CEC6AC1629F5079F0089E122 /* DividedBackground.swift */; };
		CEC6AC1929F51CF30089E122 /* Color+Extension.swift in Sources */ = {isa = PBXBuildFile; fileRef = CEC6AC1829F51CF30089E122 /* Color+Extension.swift */; };
		CEC6AC1C29F59F3D0089E122 /* CacheEntry.swift in Sources */ = {isa = PBXBuildFile; fileRef = CEC6AC1B29F59F3D0089E122 /* CacheEntry.swift */; };
		CEC6AC1E29F59FB30089E122 /* NSCache+Subscript.swift in Sources */ = {isa = PBXBuildFile; fileRef = CEC6AC1D29F59FB30089E122 /* NSCache+Subscript.swift */; };
		CEC6AC2029F5B7BB0089E122 /* String+Extension.swift in Sources */ = {isa = PBXBuildFile; fileRef = CEC6AC1F29F5B7BB0089E122 /* String+Extension.swift */; };
		CEC6AC2429F5CBC70089E122 /* ShotsTable.swift in Sources */ = {isa = PBXBuildFile; fileRef = CEC6AC2329F5CBC70089E122 /* ShotsTable.swift */; };
		CEC6AC2629F5CBD70089E122 /* RosterTable.swift in Sources */ = {isa = PBXBuildFile; fileRef = CEC6AC2529F5CBD70089E122 /* RosterTable.swift */; };
		CEC6AC2829F5CC180089E122 /* GoalsTable.swift in Sources */ = {isa = PBXBuildFile; fileRef = CEC6AC2729F5CC180089E122 /* GoalsTable.swift */; };
		CEC6AC2A29F5CC410089E122 /* PenaltySummary.swift in Sources */ = {isa = PBXBuildFile; fileRef = CEC6AC2929F5CC410089E122 /* PenaltySummary.swift */; };
		CEC6AC2D29F5CC9C0089E122 /* TableHeader.swift in Sources */ = {isa = PBXBuildFile; fileRef = CEC6AC2C29F5CC9C0089E122 /* TableHeader.swift */; };
		CEC6AC2F29F5F08B0089E122 /* ScoringEvent.swift in Sources */ = {isa = PBXBuildFile; fileRef = CEC6AC2E29F5F08B0089E122 /* ScoringEvent.swift */; };
		CEC6AC3129F5F0970089E122 /* ShootoutEvent.swift in Sources */ = {isa = PBXBuildFile; fileRef = CEC6AC3029F5F0970089E122 /* ShootoutEvent.swift */; };
		CEC6AC3429F5F0A80089E122 /* PenaltyEvent.swift in Sources */ = {isa = PBXBuildFile; fileRef = CEC6AC3329F5F0A80089E122 /* PenaltyEvent.swift */; };
		CEC6AC3629F5F2330089E122 /* ScoringSummary.swift in Sources */ = {isa = PBXBuildFile; fileRef = CEC6AC3529F5F2330089E122 /* ScoringSummary.swift */; };
		CED4841029F77E4300F637E8 /* ScoringCell.swift in Sources */ = {isa = PBXBuildFile; fileRef = CED4840F29F77E4300F637E8 /* ScoringCell.swift */; };
		CED4841229F7AB2900F637E8 /* ShootoutSummary.swift in Sources */ = {isa = PBXBuildFile; fileRef = CED4841129F7AB2900F637E8 /* ShootoutSummary.swift */; };
		CED4841429F7B42E00F637E8 /* ShootoutCell.swift in Sources */ = {isa = PBXBuildFile; fileRef = CED4841329F7B42E00F637E8 /* ShootoutCell.swift */; };
		CED4841629F7C5A000F637E8 /* PenaltyCell.swift in Sources */ = {isa = PBXBuildFile; fileRef = CED4841529F7C5A000F637E8 /* PenaltyCell.swift */; };
		CED4841829F7E35800F637E8 /* GameSummary.swift in Sources */ = {isa = PBXBuildFile; fileRef = CED4841729F7E35800F637E8 /* GameSummary.swift */; };
		CED4841A29FE5B0300F637E8 /* MaxWidthPreferenceKey.swift in Sources */ = {isa = PBXBuildFile; fileRef = CED4841929FE5B0300F637E8 /* MaxWidthPreferenceKey.swift */; };
		CEE2853E29DFFFEC0082F7DC /* Scoresheet.swift in Sources */ = {isa = PBXBuildFile; fileRef = CEE2853D29DFFFEC0082F7DC /* Scoresheet.swift */; };
		CEE755E529D106CB0043D782 /* PiedSniperApp.swift in Sources */ = {isa = PBXBuildFile; fileRef = CEE755E429D106CB0043D782 /* PiedSniperApp.swift */; };
		CEE755E929D106CC0043D782 /* Assets.xcassets in Resources */ = {isa = PBXBuildFile; fileRef = CEE755E829D106CC0043D782 /* Assets.xcassets */; };
		CEE755ED29D106CC0043D782 /* Preview Assets.xcassets in Resources */ = {isa = PBXBuildFile; fileRef = CEE755EC29D106CC0043D782 /* Preview Assets.xcassets */; };
		CEE755F429D117CD0043D782 /* ScheduleParser.swift in Sources */ = {isa = PBXBuildFile; fileRef = CEE755F329D117CD0043D782 /* ScheduleParser.swift */; };
		CEE7560029D449F00043D782 /* Schedule.swift in Sources */ = {isa = PBXBuildFile; fileRef = CEE755FF29D449F00043D782 /* Schedule.swift */; };
		CEF71D3E29D83E5500C4779E /* Standings.swift in Sources */ = {isa = PBXBuildFile; fileRef = CEF71D3D29D83E5500C4779E /* Standings.swift */; };
/* End PBXBuildFile section */

/* Begin PBXFileReference section */
		CE0F47E029E2B8DE000B4BD3 /* StandingsParser.swift */ = {isa = PBXFileReference; lastKnownFileType = sourcecode.swift; name = StandingsParser.swift; path = Parsers/StandingsParser.swift; sourceTree = "<group>"; };
		CE0F47E229E2B946000B4BD3 /* SourceHelpers.swift */ = {isa = PBXFileReference; lastKnownFileType = sourcecode.swift; name = SourceHelpers.swift; path = Extensions/SourceHelpers.swift; sourceTree = "<group>"; };
		CE0F47E529EB9DFF000B4BD3 /* ScoresheetParser.swift */ = {isa = PBXFileReference; lastKnownFileType = sourcecode.swift; name = ScoresheetParser.swift; path = Parsers/ScoresheetParser.swift; sourceTree = "<group>"; };
		CE0F47E729ECD2AB000B4BD3 /* GameEvent.swift */ = {isa = PBXFileReference; lastKnownFileType = sourcecode.swift; name = GameEvent.swift; path = Model/GameEvent.swift; sourceTree = "<group>"; };
		CE1DFF0029D98AB700181176 /* StandingsCell.swift */ = {isa = PBXFileReference; lastKnownFileType = sourcecode.swift; path = StandingsCell.swift; sourceTree = "<group>"; };
		CE27A40C29D6929500B3A74E /* testSchedule.txt */ = {isa = PBXFileReference; lastKnownFileType = text; path = testSchedule.txt; sourceTree = "<group>"; };
		CE27A40F29D69BC800B3A74E /* testLockerRooms.txt */ = {isa = PBXFileReference; lastKnownFileType = text; path = testLockerRooms.txt; sourceTree = "<group>"; };
		CE27A41129D6B2C000B3A74E /* TodayGameCell.swift */ = {isa = PBXFileReference; lastKnownFileType = sourcecode.swift; path = TodayGameCell.swift; sourceTree = "<group>"; };
		CE3C270A29D6BC53003C70CB /* Date+StringHelpers.swift */ = {isa = PBXFileReference; fileEncoding = 4; lastKnownFileType = sourcecode.swift; name = "Date+StringHelpers.swift"; path = "Extensions/Date+StringHelpers.swift"; sourceTree = "<group>"; };
		CE3C270C29D6BC58003C70CB /* Game.swift */ = {isa = PBXFileReference; fileEncoding = 4; lastKnownFileType = sourcecode.swift; name = Game.swift; path = Model/Game.swift; sourceTree = "<group>"; };
		CE3C270D29D6BC58003C70CB /* Status.swift */ = {isa = PBXFileReference; fileEncoding = 4; lastKnownFileType = sourcecode.swift; name = Status.swift; path = Model/Status.swift; sourceTree = "<group>"; };
		CE3C270E29D6BC58003C70CB /* Team.swift */ = {isa = PBXFileReference; fileEncoding = 4; lastKnownFileType = sourcecode.swift; name = Team.swift; path = Model/Team.swift; sourceTree = "<group>"; };
		CE898DA529D59C1100DE8A76 /* CompletedGameCell.swift */ = {isa = PBXFileReference; lastKnownFileType = sourcecode.swift; path = CompletedGameCell.swift; sourceTree = "<group>"; };
		CE898DA729D59C3C00DE8A76 /* UpcomingGameCell.swift */ = {isa = PBXFileReference; lastKnownFileType = sourcecode.swift; path = UpcomingGameCell.swift; sourceTree = "<group>"; };
		CEB3813629DC117B00539DD9 /* testStandings.txt */ = {isa = PBXFileReference; fileEncoding = 4; lastKnownFileType = text; path = testStandings.txt; sourceTree = "<group>"; };
		CEC6ABED29F3ECF70089E122 /* Scoreboard.swift */ = {isa = PBXFileReference; lastKnownFileType = sourcecode.swift; path = Scoreboard.swift; sourceTree = "<group>"; };
		CEC6ABF029F4AC520089E122 /* Player.swift */ = {isa = PBXFileReference; lastKnownFileType = sourcecode.swift; name = Player.swift; path = Model/Player.swift; sourceTree = "<group>"; };
		CEC6ABF229F4AD060089E122 /* GameTime.swift */ = {isa = PBXFileReference; lastKnownFileType = sourcecode.swift; name = GameTime.swift; path = Model/GameTime.swift; sourceTree = "<group>"; };
		CEC6AC1429F5078A0089E122 /* Clamp.swift */ = {isa = PBXFileReference; lastKnownFileType = sourcecode.swift; name = Clamp.swift; path = Extensions/Clamp.swift; sourceTree = "<group>"; };
		CEC6AC1629F5079F0089E122 /* DividedBackground.swift */ = {isa = PBXFileReference; fileEncoding = 4; lastKnownFileType = sourcecode.swift; path = DividedBackground.swift; sourceTree = "<group>"; };
		CEC6AC1829F51CF30089E122 /* Color+Extension.swift */ = {isa = PBXFileReference; lastKnownFileType = sourcecode.swift; name = "Color+Extension.swift"; path = "Extensions/Color+Extension.swift"; sourceTree = "<group>"; };
		CEC6AC1A29F524C40089E122 /* Todo.md */ = {isa = PBXFileReference; lastKnownFileType = net.daringfireball.markdown; path = Todo.md; sourceTree = "<group>"; };
		CEC6AC1B29F59F3D0089E122 /* CacheEntry.swift */ = {isa = PBXFileReference; lastKnownFileType = sourcecode.swift; name = CacheEntry.swift; path = Model/CacheEntry.swift; sourceTree = "<group>"; };
		CEC6AC1D29F59FB30089E122 /* NSCache+Subscript.swift */ = {isa = PBXFileReference; lastKnownFileType = sourcecode.swift; name = "NSCache+Subscript.swift"; path = "Extensions/NSCache+Subscript.swift"; sourceTree = "<group>"; };
		CEC6AC1F29F5B7BB0089E122 /* String+Extension.swift */ = {isa = PBXFileReference; lastKnownFileType = sourcecode.swift; name = "String+Extension.swift"; path = "Extensions/String+Extension.swift"; sourceTree = "<group>"; };
		CEC6AC2329F5CBC70089E122 /* ShotsTable.swift */ = {isa = PBXFileReference; lastKnownFileType = sourcecode.swift; name = ShotsTable.swift; path = Scoresheet/ShotsTable.swift; sourceTree = "<group>"; };
		CEC6AC2529F5CBD70089E122 /* RosterTable.swift */ = {isa = PBXFileReference; lastKnownFileType = sourcecode.swift; name = RosterTable.swift; path = Scoresheet/RosterTable.swift; sourceTree = "<group>"; };
		CEC6AC2729F5CC180089E122 /* GoalsTable.swift */ = {isa = PBXFileReference; lastKnownFileType = sourcecode.swift; name = GoalsTable.swift; path = Scoresheet/GoalsTable.swift; sourceTree = "<group>"; };
		CEC6AC2929F5CC410089E122 /* PenaltySummary.swift */ = {isa = PBXFileReference; lastKnownFileType = sourcecode.swift; name = PenaltySummary.swift; path = Scoresheet/PenaltySummary.swift; sourceTree = "<group>"; };
		CEC6AC2C29F5CC9C0089E122 /* TableHeader.swift */ = {isa = PBXFileReference; lastKnownFileType = sourcecode.swift; path = TableHeader.swift; sourceTree = "<group>"; };
		CEC6AC2E29F5F08B0089E122 /* ScoringEvent.swift */ = {isa = PBXFileReference; lastKnownFileType = sourcecode.swift; name = ScoringEvent.swift; path = Model/ScoringEvent.swift; sourceTree = "<group>"; };
		CEC6AC3029F5F0970089E122 /* ShootoutEvent.swift */ = {isa = PBXFileReference; lastKnownFileType = sourcecode.swift; name = ShootoutEvent.swift; path = Model/ShootoutEvent.swift; sourceTree = "<group>"; };
		CEC6AC3329F5F0A80089E122 /* PenaltyEvent.swift */ = {isa = PBXFileReference; lastKnownFileType = sourcecode.swift; name = PenaltyEvent.swift; path = Model/PenaltyEvent.swift; sourceTree = "<group>"; };
		CEC6AC3529F5F2330089E122 /* ScoringSummary.swift */ = {isa = PBXFileReference; lastKnownFileType = sourcecode.swift; name = ScoringSummary.swift; path = Scoresheet/ScoringSummary.swift; sourceTree = "<group>"; };
		CED4840F29F77E4300F637E8 /* ScoringCell.swift */ = {isa = PBXFileReference; lastKnownFileType = sourcecode.swift; name = ScoringCell.swift; path = Scoresheet/ScoringCell.swift; sourceTree = "<group>"; };
		CED4841129F7AB2900F637E8 /* ShootoutSummary.swift */ = {isa = PBXFileReference; lastKnownFileType = sourcecode.swift; name = ShootoutSummary.swift; path = Scoresheet/ShootoutSummary.swift; sourceTree = "<group>"; };
		CED4841329F7B42E00F637E8 /* ShootoutCell.swift */ = {isa = PBXFileReference; lastKnownFileType = sourcecode.swift; name = ShootoutCell.swift; path = Scoresheet/ShootoutCell.swift; sourceTree = "<group>"; };
		CED4841529F7C5A000F637E8 /* PenaltyCell.swift */ = {isa = PBXFileReference; lastKnownFileType = sourcecode.swift; name = PenaltyCell.swift; path = Scoresheet/PenaltyCell.swift; sourceTree = "<group>"; };
		CED4841729F7E35800F637E8 /* GameSummary.swift */ = {isa = PBXFileReference; lastKnownFileType = sourcecode.swift; name = GameSummary.swift; path = Scoresheet/GameSummary.swift; sourceTree = "<group>"; };
		CED4841929FE5B0300F637E8 /* MaxWidthPreferenceKey.swift */ = {isa = PBXFileReference; lastKnownFileType = sourcecode.swift; name = MaxWidthPreferenceKey.swift; path = Extensions/MaxWidthPreferenceKey.swift; sourceTree = "<group>"; };
		CEE2853D29DFFFEC0082F7DC /* Scoresheet.swift */ = {isa = PBXFileReference; lastKnownFileType = sourcecode.swift; path = Scoresheet.swift; sourceTree = "<group>"; };
		CEE755E129D106CB0043D782 /* PiedSniper.app */ = {isa = PBXFileReference; explicitFileType = wrapper.application; includeInIndex = 0; path = PiedSniper.app; sourceTree = BUILT_PRODUCTS_DIR; };
		CEE755E429D106CB0043D782 /* PiedSniperApp.swift */ = {isa = PBXFileReference; lastKnownFileType = sourcecode.swift; path = PiedSniperApp.swift; sourceTree = "<group>"; };
		CEE755E829D106CC0043D782 /* Assets.xcassets */ = {isa = PBXFileReference; lastKnownFileType = folder.assetcatalog; path = Assets.xcassets; sourceTree = "<group>"; };
		CEE755EA29D106CC0043D782 /* PiedSniper.entitlements */ = {isa = PBXFileReference; lastKnownFileType = text.plist.entitlements; path = PiedSniper.entitlements; sourceTree = "<group>"; };
		CEE755EC29D106CC0043D782 /* Preview Assets.xcassets */ = {isa = PBXFileReference; lastKnownFileType = folder.assetcatalog; path = "Preview Assets.xcassets"; sourceTree = "<group>"; };
		CEE755F329D117CD0043D782 /* ScheduleParser.swift */ = {isa = PBXFileReference; lastKnownFileType = sourcecode.swift; name = ScheduleParser.swift; path = Parsers/ScheduleParser.swift; sourceTree = "<group>"; };
		CEE755F529D429A70043D782 /* Info.plist */ = {isa = PBXFileReference; lastKnownFileType = text.plist.xml; path = Info.plist; sourceTree = "<group>"; };
		CEE755FF29D449F00043D782 /* Schedule.swift */ = {isa = PBXFileReference; lastKnownFileType = sourcecode.swift; path = Schedule.swift; sourceTree = "<group>"; };
		CEF71D3D29D83E5500C4779E /* Standings.swift */ = {isa = PBXFileReference; lastKnownFileType = sourcecode.swift; path = Standings.swift; sourceTree = "<group>"; };
/* End PBXFileReference section */

/* Begin PBXFrameworksBuildPhase section */
		CEE755DE29D106CB0043D782 /* Frameworks */ = {
			isa = PBXFrameworksBuildPhase;
			buildActionMask = 2147483647;
			files = (
			);
			runOnlyForDeploymentPostprocessing = 0;
		};
/* End PBXFrameworksBuildPhase section */

/* Begin PBXGroup section */
		CE0F47E429E2B94C000B4BD3 /* Extensions */ = {
			isa = PBXGroup;
			children = (
				CEC6AC1F29F5B7BB0089E122 /* String+Extension.swift */,
				CE3C270A29D6BC53003C70CB /* Date+StringHelpers.swift */,
				CEC6AC1829F51CF30089E122 /* Color+Extension.swift */,
				CE0F47E229E2B946000B4BD3 /* SourceHelpers.swift */,
				CEC6AC1429F5078A0089E122 /* Clamp.swift */,
				CED4841929FE5B0300F637E8 /* MaxWidthPreferenceKey.swift */,
				CEC6AC1D29F59FB30089E122 /* NSCache+Subscript.swift */,
			);
			name = Extensions;
			sourceTree = "<group>";
		};
		CE27A40B29D5A32B00B3A74E /* Schedule */ = {
			isa = PBXGroup;
			children = (
				CEE755FF29D449F00043D782 /* Schedule.swift */,
				CE27A41129D6B2C000B3A74E /* TodayGameCell.swift */,
				CE898DA729D59C3C00DE8A76 /* UpcomingGameCell.swift */,
				CE898DA529D59C1100DE8A76 /* CompletedGameCell.swift */,
			);
			path = Schedule;
			sourceTree = "<group>";
		};
		CE7E790B29DD382E00E58E83 /* Assets */ = {
			isa = PBXGroup;
			children = (
				CEE755F529D429A70043D782 /* Info.plist */,
				CEE755EA29D106CC0043D782 /* PiedSniper.entitlements */,
				CEE755E829D106CC0043D782 /* Assets.xcassets */,
			);
			name = Assets;
			sourceTree = "<group>";
		};
		CEC6ABEF29F3ECFC0089E122 /* Scoresheet */ = {
			isa = PBXGroup;
			children = (
				CEE2853D29DFFFEC0082F7DC /* Scoresheet.swift */,
				CEC6ABED29F3ECF70089E122 /* Scoreboard.swift */,
				CED4841729F7E35800F637E8 /* GameSummary.swift */,
				CEC6AC2729F5CC180089E122 /* GoalsTable.swift */,
				CEC6AC2329F5CBC70089E122 /* ShotsTable.swift */,
				CEC6AC3529F5F2330089E122 /* ScoringSummary.swift */,
				CED4840F29F77E4300F637E8 /* ScoringCell.swift */,
				CED4841129F7AB2900F637E8 /* ShootoutSummary.swift */,
				CED4841329F7B42E00F637E8 /* ShootoutCell.swift */,
				CEC6AC2929F5CC410089E122 /* PenaltySummary.swift */,
				CED4841529F7C5A000F637E8 /* PenaltyCell.swift */,
				CEC6AC2529F5CBD70089E122 /* RosterTable.swift */,
			);
			name = Scoresheet;
			sourceTree = "<group>";
		};
		CEC6ABF429F4AD560089E122 /* Parsers */ = {
			isa = PBXGroup;
			children = (
				CE3C270D29D6BC58003C70CB /* Status.swift */,
				CEC6AC1B29F59F3D0089E122 /* CacheEntry.swift */,
				CEE755F329D117CD0043D782 /* ScheduleParser.swift */,
				CE0F47E029E2B8DE000B4BD3 /* StandingsParser.swift */,
				CE0F47E529EB9DFF000B4BD3 /* ScoresheetParser.swift */,
			);
			name = Parsers;
			sourceTree = "<group>";
		};
		CEC6ABF529F4AD820089E122 /* Standings */ = {
			isa = PBXGroup;
			children = (
				CEF71D3D29D83E5500C4779E /* Standings.swift */,
				CE1DFF0029D98AB700181176 /* StandingsCell.swift */,
			);
			name = Standings;
			sourceTree = "<group>";
		};
		CEC6ABF629F4AD9C0089E122 /* Views */ = {
			isa = PBXGroup;
			children = (
				CE27A40B29D5A32B00B3A74E /* Schedule */,
				CEC6ABEF29F3ECFC0089E122 /* Scoresheet */,
				CEC6ABF529F4AD820089E122 /* Standings */,
				CEC6AC2B29F5CC6B0089E122 /* View Helpers */,
			);
			name = Views;
			sourceTree = "<group>";
		};
		CEC6AC2B29F5CC6B0089E122 /* View Helpers */ = {
			isa = PBXGroup;
			children = (
				CEC6AC2C29F5CC9C0089E122 /* TableHeader.swift */,
				CEC6AC1629F5079F0089E122 /* DividedBackground.swift */,
			);
			name = "View Helpers";
			sourceTree = "<group>";
		};
		CEC6AC3229F5F09E0089E122 /* Events */ = {
			isa = PBXGroup;
			children = (
				CE0F47E729ECD2AB000B4BD3 /* GameEvent.swift */,
				CEC6AC2E29F5F08B0089E122 /* ScoringEvent.swift */,
				CEC6AC3029F5F0970089E122 /* ShootoutEvent.swift */,
				CEC6AC3329F5F0A80089E122 /* PenaltyEvent.swift */,
				CEC6ABF229F4AD060089E122 /* GameTime.swift */,
			);
			name = Events;
			sourceTree = "<group>";
		};
		CEE755D829D106CB0043D782 = {
			isa = PBXGroup;
			children = (
				CEE755E329D106CB0043D782 /* PiedSniper */,
				CEE755E229D106CB0043D782 /* Products */,
			);
			sourceTree = "<group>";
		};
		CEE755E229D106CB0043D782 /* Products */ = {
			isa = PBXGroup;
			children = (
				CEE755E129D106CB0043D782 /* PiedSniper.app */,
			);
			name = Products;
			sourceTree = "<group>";
		};
		CEE755E329D106CB0043D782 /* PiedSniper */ = {
			isa = PBXGroup;
			children = (
				CEC6AC1A29F524C40089E122 /* Todo.md */,
				CEE755E429D106CB0043D782 /* PiedSniperApp.swift */,
				CEC6ABF629F4AD9C0089E122 /* Views */,
				CEC6ABF429F4AD560089E122 /* Parsers */,
				CEE755FC29D4491C0043D782 /* Model */,
				CE0F47E429E2B94C000B4BD3 /* Extensions */,
				CE7E790B29DD382E00E58E83 /* Assets */,
				CEE755EB29D106CC0043D782 /* Preview Content */,
			);
			path = PiedSniper;
			sourceTree = "<group>";
		};
		CEE755EB29D106CC0043D782 /* Preview Content */ = {
			isa = PBXGroup;
			children = (
				CE27A40C29D6929500B3A74E /* testSchedule.txt */,
				CE27A40F29D69BC800B3A74E /* testLockerRooms.txt */,
				CEB3813629DC117B00539DD9 /* testStandings.txt */,
				CEE755EC29D106CC0043D782 /* Preview Assets.xcassets */,
			);
			path = "Preview Content";
			sourceTree = "<group>";
		};
		CEE755FC29D4491C0043D782 /* Model */ = {
			isa = PBXGroup;
			children = (
				CE3C270C29D6BC58003C70CB /* Game.swift */,
				CEC6AC3229F5F09E0089E122 /* Events */,
				CE3C270E29D6BC58003C70CB /* Team.swift */,
				CEC6ABF029F4AC520089E122 /* Player.swift */,
			);
			name = Model;
			sourceTree = "<group>";
		};
/* End PBXGroup section */

/* Begin PBXNativeTarget section */
		CEE755E029D106CB0043D782 /* PiedSniper */ = {
			isa = PBXNativeTarget;
			buildConfigurationList = CEE755F029D106CC0043D782 /* Build configuration list for PBXNativeTarget "PiedSniper" */;
			buildPhases = (
				CEE755DD29D106CB0043D782 /* Sources */,
				CEE755DE29D106CB0043D782 /* Frameworks */,
				CEE755DF29D106CB0043D782 /* Resources */,
			);
			buildRules = (
			);
			dependencies = (
			);
			name = PiedSniper;
			packageProductDependencies = (
			);
			productName = PiedSnipers;
			productReference = CEE755E129D106CB0043D782 /* PiedSniper.app */;
			productType = "com.apple.product-type.application";
		};
/* End PBXNativeTarget section */

/* Begin PBXProject section */
		CEE755D929D106CB0043D782 /* Project object */ = {
			isa = PBXProject;
			attributes = {
				BuildIndependentTargetsInParallel = 1;
				LastSwiftUpdateCheck = 1420;
				LastUpgradeCheck = 1430;
				TargetAttributes = {
					CEE755E029D106CB0043D782 = {
						CreatedOnToolsVersion = 14.2;
					};
				};
			};
			buildConfigurationList = CEE755DC29D106CB0043D782 /* Build configuration list for PBXProject "PiedSniper" */;
			compatibilityVersion = "Xcode 14.0";
			developmentRegion = en;
			hasScannedForEncodings = 0;
			knownRegions = (
				en,
				Base,
			);
			mainGroup = CEE755D829D106CB0043D782;
			packageReferences = (
			);
			productRefGroup = CEE755E229D106CB0043D782 /* Products */;
			projectDirPath = "";
			projectRoot = "";
			targets = (
				CEE755E029D106CB0043D782 /* PiedSniper */,
			);
		};
/* End PBXProject section */

/* Begin PBXResourcesBuildPhase section */
		CEE755DF29D106CB0043D782 /* Resources */ = {
			isa = PBXResourcesBuildPhase;
			buildActionMask = 2147483647;
			files = (
				CE27A41029D69BEA00B3A74E /* testLockerRooms.txt in Resources */,
				CE27A40D29D6929500B3A74E /* testSchedule.txt in Resources */,
				CEB3813729DC117B00539DD9 /* testStandings.txt in Resources */,
				CEE755ED29D106CC0043D782 /* Preview Assets.xcassets in Resources */,
				CEE755E929D106CC0043D782 /* Assets.xcassets in Resources */,
			);
			runOnlyForDeploymentPostprocessing = 0;
		};
/* End PBXResourcesBuildPhase section */

/* Begin PBXSourcesBuildPhase section */
		CEE755DD29D106CB0043D782 /* Sources */ = {
			isa = PBXSourcesBuildPhase;
			buildActionMask = 2147483647;
			files = (
				CE0F47E829ECD2AB000B4BD3 /* GameEvent.swift in Sources */,
				CEC6AC2829F5CC180089E122 /* GoalsTable.swift in Sources */,
				CE3C270B29D6BC53003C70CB /* Date+StringHelpers.swift in Sources */,
				CEC6AC2F29F5F08B0089E122 /* ScoringEvent.swift in Sources */,
				CEE755E529D106CB0043D782 /* PiedSniperApp.swift in Sources */,
				CE3C271129D6BC58003C70CB /* Team.swift in Sources */,
				CEC6AC3629F5F2330089E122 /* ScoringSummary.swift in Sources */,
				CEE755F429D117CD0043D782 /* ScheduleParser.swift in Sources */,
				CE898DA629D59C1100DE8A76 /* CompletedGameCell.swift in Sources */,
				CEF71D3E29D83E5500C4779E /* Standings.swift in Sources */,
				CEC6AC2A29F5CC410089E122 /* PenaltySummary.swift in Sources */,
				CEC6AC1929F51CF30089E122 /* Color+Extension.swift in Sources */,
				CE3C270F29D6BC58003C70CB /* Game.swift in Sources */,
				CED4841029F77E4300F637E8 /* ScoringCell.swift in Sources */,
				CEC6AC1E29F59FB30089E122 /* NSCache+Subscript.swift in Sources */,
				CEC6ABF129F4AC520089E122 /* Player.swift in Sources */,
				CE898DA829D59C3C00DE8A76 /* UpcomingGameCell.swift in Sources */,
				CE0F47E129E2B8DE000B4BD3 /* StandingsParser.swift in Sources */,
				CEC6AC1529F5078A0089E122 /* Clamp.swift in Sources */,
				CE0F47E329E2B946000B4BD3 /* SourceHelpers.swift in Sources */,
				CED4841829F7E35800F637E8 /* GameSummary.swift in Sources */,
				CEC6AC2429F5CBC70089E122 /* ShotsTable.swift in Sources */,
				CEC6AC3429F5F0A80089E122 /* PenaltyEvent.swift in Sources */,
				CEE7560029D449F00043D782 /* Schedule.swift in Sources */,
				CED4841629F7C5A000F637E8 /* PenaltyCell.swift in Sources */,
				CEC6AC1729F5079F0089E122 /* DividedBackground.swift in Sources */,
				CE1DFF0129D98AB700181176 /* StandingsCell.swift in Sources */,
				CED4841429F7B42E00F637E8 /* ShootoutCell.swift in Sources */,
				CEE2853E29DFFFEC0082F7DC /* Scoresheet.swift in Sources */,
				CED4841229F7AB2900F637E8 /* ShootoutSummary.swift in Sources */,
				CEC6AC2029F5B7BB0089E122 /* String+Extension.swift in Sources */,
				CE27A41229D6B2C000B3A74E /* TodayGameCell.swift in Sources */,
				CEC6AC2629F5CBD70089E122 /* RosterTable.swift in Sources */,
				CEC6ABEE29F3ECF70089E122 /* Scoreboard.swift in Sources */,
				CEC6AC1C29F59F3D0089E122 /* CacheEntry.swift in Sources */,
				CEC6AC3129F5F0970089E122 /* ShootoutEvent.swift in Sources */,
				CEC6ABF329F4AD060089E122 /* GameTime.swift in Sources */,
				CEC6AC2D29F5CC9C0089E122 /* TableHeader.swift in Sources */,
				CED4841A29FE5B0300F637E8 /* MaxWidthPreferenceKey.swift in Sources */,
				CE0F47E629EB9DFF000B4BD3 /* ScoresheetParser.swift in Sources */,
				CE3C271029D6BC58003C70CB /* Status.swift in Sources */,
			);
			runOnlyForDeploymentPostprocessing = 0;
		};
/* End PBXSourcesBuildPhase section */

/* Begin XCBuildConfiguration section */
		CEE755EE29D106CC0043D782 /* Debug */ = {
			isa = XCBuildConfiguration;
			buildSettings = {
				ALWAYS_SEARCH_USER_PATHS = NO;
				CLANG_ANALYZER_NONNULL = YES;
				CLANG_ANALYZER_NUMBER_OBJECT_CONVERSION = YES_AGGRESSIVE;
				CLANG_CXX_LANGUAGE_STANDARD = "gnu++20";
				CLANG_ENABLE_MODULES = YES;
				CLANG_ENABLE_OBJC_ARC = YES;
				CLANG_ENABLE_OBJC_WEAK = YES;
				CLANG_WARN_BLOCK_CAPTURE_AUTORELEASING = YES;
				CLANG_WARN_BOOL_CONVERSION = YES;
				CLANG_WARN_COMMA = YES;
				CLANG_WARN_CONSTANT_CONVERSION = YES;
				CLANG_WARN_DEPRECATED_OBJC_IMPLEMENTATIONS = YES;
				CLANG_WARN_DIRECT_OBJC_ISA_USAGE = YES_ERROR;
				CLANG_WARN_DOCUMENTATION_COMMENTS = YES;
				CLANG_WARN_EMPTY_BODY = YES;
				CLANG_WARN_ENUM_CONVERSION = YES;
				CLANG_WARN_INFINITE_RECURSION = YES;
				CLANG_WARN_INT_CONVERSION = YES;
				CLANG_WARN_NON_LITERAL_NULL_CONVERSION = YES;
				CLANG_WARN_OBJC_IMPLICIT_RETAIN_SELF = YES;
				CLANG_WARN_OBJC_LITERAL_CONVERSION = YES;
				CLANG_WARN_OBJC_ROOT_CLASS = YES_ERROR;
				CLANG_WARN_QUOTED_INCLUDE_IN_FRAMEWORK_HEADER = YES;
				CLANG_WARN_RANGE_LOOP_ANALYSIS = YES;
				CLANG_WARN_STRICT_PROTOTYPES = YES;
				CLANG_WARN_SUSPICIOUS_MOVE = YES;
				CLANG_WARN_UNGUARDED_AVAILABILITY = YES_AGGRESSIVE;
				CLANG_WARN_UNREACHABLE_CODE = YES;
				CLANG_WARN__DUPLICATE_METHOD_MATCH = YES;
				COPY_PHASE_STRIP = NO;
				DEAD_CODE_STRIPPING = YES;
				DEBUG_INFORMATION_FORMAT = dwarf;
				ENABLE_STRICT_OBJC_MSGSEND = YES;
				ENABLE_TESTABILITY = YES;
				GCC_C_LANGUAGE_STANDARD = gnu11;
				GCC_DYNAMIC_NO_PIC = NO;
				GCC_NO_COMMON_BLOCKS = YES;
				GCC_OPTIMIZATION_LEVEL = 0;
				GCC_PREPROCESSOR_DEFINITIONS = (
					"DEBUG=1",
					"$(inherited)",
				);
				GCC_WARN_64_TO_32_BIT_CONVERSION = YES;
				GCC_WARN_ABOUT_RETURN_TYPE = YES_ERROR;
				GCC_WARN_UNDECLARED_SELECTOR = YES;
				GCC_WARN_UNINITIALIZED_AUTOS = YES_AGGRESSIVE;
				GCC_WARN_UNUSED_FUNCTION = YES;
				GCC_WARN_UNUSED_VARIABLE = YES;
				MTL_ENABLE_DEBUG_INFO = INCLUDE_SOURCE;
				MTL_FAST_MATH = YES;
				ONLY_ACTIVE_ARCH = YES;
				SWIFT_ACTIVE_COMPILATION_CONDITIONS = DEBUG;
				SWIFT_OPTIMIZATION_LEVEL = "-Onone";
			};
			name = Debug;
		};
		CEE755EF29D106CC0043D782 /* Release */ = {
			isa = XCBuildConfiguration;
			buildSettings = {
				ALWAYS_SEARCH_USER_PATHS = NO;
				CLANG_ANALYZER_NONNULL = YES;
				CLANG_ANALYZER_NUMBER_OBJECT_CONVERSION = YES_AGGRESSIVE;
				CLANG_CXX_LANGUAGE_STANDARD = "gnu++20";
				CLANG_ENABLE_MODULES = YES;
				CLANG_ENABLE_OBJC_ARC = YES;
				CLANG_ENABLE_OBJC_WEAK = YES;
				CLANG_WARN_BLOCK_CAPTURE_AUTORELEASING = YES;
				CLANG_WARN_BOOL_CONVERSION = YES;
				CLANG_WARN_COMMA = YES;
				CLANG_WARN_CONSTANT_CONVERSION = YES;
				CLANG_WARN_DEPRECATED_OBJC_IMPLEMENTATIONS = YES;
				CLANG_WARN_DIRECT_OBJC_ISA_USAGE = YES_ERROR;
				CLANG_WARN_DOCUMENTATION_COMMENTS = YES;
				CLANG_WARN_EMPTY_BODY = YES;
				CLANG_WARN_ENUM_CONVERSION = YES;
				CLANG_WARN_INFINITE_RECURSION = YES;
				CLANG_WARN_INT_CONVERSION = YES;
				CLANG_WARN_NON_LITERAL_NULL_CONVERSION = YES;
				CLANG_WARN_OBJC_IMPLICIT_RETAIN_SELF = YES;
				CLANG_WARN_OBJC_LITERAL_CONVERSION = YES;
				CLANG_WARN_OBJC_ROOT_CLASS = YES_ERROR;
				CLANG_WARN_QUOTED_INCLUDE_IN_FRAMEWORK_HEADER = YES;
				CLANG_WARN_RANGE_LOOP_ANALYSIS = YES;
				CLANG_WARN_STRICT_PROTOTYPES = YES;
				CLANG_WARN_SUSPICIOUS_MOVE = YES;
				CLANG_WARN_UNGUARDED_AVAILABILITY = YES_AGGRESSIVE;
				CLANG_WARN_UNREACHABLE_CODE = YES;
				CLANG_WARN__DUPLICATE_METHOD_MATCH = YES;
				COPY_PHASE_STRIP = NO;
				DEAD_CODE_STRIPPING = YES;
				DEBUG_INFORMATION_FORMAT = "dwarf-with-dsym";
				ENABLE_NS_ASSERTIONS = NO;
				ENABLE_STRICT_OBJC_MSGSEND = YES;
				GCC_C_LANGUAGE_STANDARD = gnu11;
				GCC_NO_COMMON_BLOCKS = YES;
				GCC_WARN_64_TO_32_BIT_CONVERSION = YES;
				GCC_WARN_ABOUT_RETURN_TYPE = YES_ERROR;
				GCC_WARN_UNDECLARED_SELECTOR = YES;
				GCC_WARN_UNINITIALIZED_AUTOS = YES_AGGRESSIVE;
				GCC_WARN_UNUSED_FUNCTION = YES;
				GCC_WARN_UNUSED_VARIABLE = YES;
				MTL_ENABLE_DEBUG_INFO = NO;
				MTL_FAST_MATH = YES;
				SWIFT_COMPILATION_MODE = wholemodule;
				SWIFT_OPTIMIZATION_LEVEL = "-O";
			};
			name = Release;
		};
		CEE755F129D106CC0043D782 /* Debug */ = {
			isa = XCBuildConfiguration;
			buildSettings = {
				ASSETCATALOG_COMPILER_APPICON_NAME = AppIcon;
				ASSETCATALOG_COMPILER_GLOBAL_ACCENT_COLOR_NAME = AccentColor;
				CODE_SIGN_ENTITLEMENTS = PiedSniper/PiedSniper.entitlements;
				CODE_SIGN_STYLE = Automatic;
				CURRENT_PROJECT_VERSION = 1;
				DEAD_CODE_STRIPPING = YES;
				DEVELOPMENT_ASSET_PATHS = "\"PiedSniper/Preview Content\"";
				DEVELOPMENT_TEAM = 5ZJB9DN7AQ;
				ENABLE_HARDENED_RUNTIME = YES;
				ENABLE_PREVIEWS = YES;
				GENERATE_INFOPLIST_FILE = YES;
				INFOPLIST_FILE = PiedSniper/Info.plist;
				"INFOPLIST_KEY_UIApplicationSceneManifest_Generation[sdk=iphoneos*]" = YES;
				"INFOPLIST_KEY_UIApplicationSceneManifest_Generation[sdk=iphonesimulator*]" = YES;
				"INFOPLIST_KEY_UIApplicationSupportsIndirectInputEvents[sdk=iphoneos*]" = YES;
				"INFOPLIST_KEY_UIApplicationSupportsIndirectInputEvents[sdk=iphonesimulator*]" = YES;
				"INFOPLIST_KEY_UILaunchScreen_Generation[sdk=iphoneos*]" = YES;
				"INFOPLIST_KEY_UILaunchScreen_Generation[sdk=iphonesimulator*]" = YES;
				"INFOPLIST_KEY_UIStatusBarStyle[sdk=iphoneos*]" = UIStatusBarStyleDefault;
				"INFOPLIST_KEY_UIStatusBarStyle[sdk=iphonesimulator*]" = UIStatusBarStyleDefault;
				INFOPLIST_KEY_UISupportedInterfaceOrientations_iPad = "UIInterfaceOrientationPortrait UIInterfaceOrientationPortraitUpsideDown UIInterfaceOrientationLandscapeLeft UIInterfaceOrientationLandscapeRight";
				INFOPLIST_KEY_UISupportedInterfaceOrientations_iPhone = "UIInterfaceOrientationPortrait UIInterfaceOrientationLandscapeLeft UIInterfaceOrientationLandscapeRight";
				IPHONEOS_DEPLOYMENT_TARGET = 16.2;
				LD_RUNPATH_SEARCH_PATHS = "@executable_path/Frameworks";
				"LD_RUNPATH_SEARCH_PATHS[sdk=macosx*]" = "@executable_path/../Frameworks";
				MACOSX_DEPLOYMENT_TARGET = 13.1;
				MARKETING_VERSION = 1.0;
				PRODUCT_BUNDLE_IDENTIFIER = com.ebarer.PiedSniper;
				PRODUCT_NAME = "$(TARGET_NAME)";
				SDKROOT = auto;
				SUPPORTED_PLATFORMS = "iphoneos iphonesimulator macosx";
				SWIFT_EMIT_LOC_STRINGS = YES;
				SWIFT_VERSION = 5.0;
				TARGETED_DEVICE_FAMILY = "1,2";
			};
			name = Debug;
		};
		CEE755F229D106CC0043D782 /* Release */ = {
			isa = XCBuildConfiguration;
			buildSettings = {
				ASSETCATALOG_COMPILER_APPICON_NAME = AppIcon;
				ASSETCATALOG_COMPILER_GLOBAL_ACCENT_COLOR_NAME = AccentColor;
				CODE_SIGN_ENTITLEMENTS = PiedSniper/PiedSniper.entitlements;
				CODE_SIGN_STYLE = Automatic;
				CURRENT_PROJECT_VERSION = 1;
				DEAD_CODE_STRIPPING = YES;
				DEVELOPMENT_ASSET_PATHS = "\"PiedSniper/Preview Content\"";
				DEVELOPMENT_TEAM = 5ZJB9DN7AQ;
				ENABLE_HARDENED_RUNTIME = YES;
				ENABLE_PREVIEWS = YES;
				GENERATE_INFOPLIST_FILE = YES;
				INFOPLIST_FILE = PiedSniper/Info.plist;
				"INFOPLIST_KEY_UIApplicationSceneManifest_Generation[sdk=iphoneos*]" = YES;
				"INFOPLIST_KEY_UIApplicationSceneManifest_Generation[sdk=iphonesimulator*]" = YES;
				"INFOPLIST_KEY_UIApplicationSupportsIndirectInputEvents[sdk=iphoneos*]" = YES;
				"INFOPLIST_KEY_UIApplicationSupportsIndirectInputEvents[sdk=iphonesimulator*]" = YES;
				"INFOPLIST_KEY_UILaunchScreen_Generation[sdk=iphoneos*]" = YES;
				"INFOPLIST_KEY_UILaunchScreen_Generation[sdk=iphonesimulator*]" = YES;
				"INFOPLIST_KEY_UIStatusBarStyle[sdk=iphoneos*]" = UIStatusBarStyleDefault;
				"INFOPLIST_KEY_UIStatusBarStyle[sdk=iphonesimulator*]" = UIStatusBarStyleDefault;
				INFOPLIST_KEY_UISupportedInterfaceOrientations_iPad = "UIInterfaceOrientationPortrait UIInterfaceOrientationPortraitUpsideDown UIInterfaceOrientationLandscapeLeft UIInterfaceOrientationLandscapeRight";
				INFOPLIST_KEY_UISupportedInterfaceOrientations_iPhone = "UIInterfaceOrientationPortrait UIInterfaceOrientationLandscapeLeft UIInterfaceOrientationLandscapeRight";
				IPHONEOS_DEPLOYMENT_TARGET = 16.2;
				LD_RUNPATH_SEARCH_PATHS = "@executable_path/Frameworks";
				"LD_RUNPATH_SEARCH_PATHS[sdk=macosx*]" = "@executable_path/../Frameworks";
				MACOSX_DEPLOYMENT_TARGET = 13.1;
				MARKETING_VERSION = 1.0;
				PRODUCT_BUNDLE_IDENTIFIER = com.ebarer.PiedSniper;
				PRODUCT_NAME = "$(TARGET_NAME)";
				SDKROOT = auto;
				SUPPORTED_PLATFORMS = "iphoneos iphonesimulator macosx";
				SWIFT_EMIT_LOC_STRINGS = YES;
				SWIFT_VERSION = 5.0;
				TARGETED_DEVICE_FAMILY = "1,2";
			};
			name = Release;
		};
/* End XCBuildConfiguration section */

/* Begin XCConfigurationList section */
		CEE755DC29D106CB0043D782 /* Build configuration list for PBXProject "PiedSniper" */ = {
			isa = XCConfigurationList;
			buildConfigurations = (
				CEE755EE29D106CC0043D782 /* Debug */,
				CEE755EF29D106CC0043D782 /* Release */,
			);
			defaultConfigurationIsVisible = 0;
			defaultConfigurationName = Release;
		};
		CEE755F029D106CC0043D782 /* Build configuration list for PBXNativeTarget "PiedSniper" */ = {
			isa = XCConfigurationList;
			buildConfigurations = (
				CEE755F129D106CC0043D782 /* Debug */,
				CEE755F229D106CC0043D782 /* Release */,
			);
			defaultConfigurationIsVisible = 0;
			defaultConfigurationName = Release;
		};
/* End XCConfigurationList section */
	};
	rootObject = CEE755D929D106CB0043D782 /* Project object */;
}
